// !$*UTF8*$!
{
	archiveVersion = 1;
	classes = {
	};
	objectVersion = 46;
	objects = {

/* Begin PBXBuildFile section */
		01BC7C0C1BD10D9800FD2E8B /* AppDelegate.swift in Sources */ = {isa = PBXBuildFile; fileRef = 01BC7C0B1BD10D9800FD2E8B /* AppDelegate.swift */; };
		01BC7C0E1BD10D9800FD2E8B /* ViewController.swift in Sources */ = {isa = PBXBuildFile; fileRef = 01BC7C0D1BD10D9800FD2E8B /* ViewController.swift */; };
		01BC7C111BD10D9800FD2E8B /* Main.storyboard in Resources */ = {isa = PBXBuildFile; fileRef = 01BC7C0F1BD10D9800FD2E8B /* Main.storyboard */; };
		01BC7C141BD10D9800FD2E8B /* iOSgitHub.xcdatamodeld in Sources */ = {isa = PBXBuildFile; fileRef = 01BC7C121BD10D9800FD2E8B /* iOSgitHub.xcdatamodeld */; };
		01BC7C161BD10D9800FD2E8B /* Assets.xcassets in Resources */ = {isa = PBXBuildFile; fileRef = 01BC7C151BD10D9800FD2E8B /* Assets.xcassets */; };
		01BC7C191BD10D9800FD2E8B /* LaunchScreen.storyboard in Resources */ = {isa = PBXBuildFile; fileRef = 01BC7C171BD10D9800FD2E8B /* LaunchScreen.storyboard */; };
		01BC7C241BD10D9800FD2E8B /* iOSgitHubTests.swift in Sources */ = {isa = PBXBuildFile; fileRef = 01BC7C231BD10D9800FD2E8B /* iOSgitHubTests.swift */; };
		01BC7C2F1BD10D9800FD2E8B /* iOSgitHubUITests.swift in Sources */ = {isa = PBXBuildFile; fileRef = 01BC7C2E1BD10D9800FD2E8B /* iOSgitHubUITests.swift */; };
/* End PBXBuildFile section */

/* Begin PBXContainerItemProxy section */
		01BC7C201BD10D9800FD2E8B /* PBXContainerItemProxy */ = {
			isa = PBXContainerItemProxy;
			containerPortal = 01BC7C001BD10D9800FD2E8B /* Project object */;
			proxyType = 1;
			remoteGlobalIDString = 01BC7C071BD10D9800FD2E8B;
			remoteInfo = iOSgitHub;
		};
		01BC7C2B1BD10D9800FD2E8B /* PBXContainerItemProxy */ = {
			isa = PBXContainerItemProxy;
			containerPortal = 01BC7C001BD10D9800FD2E8B /* Project object */;
			proxyType = 1;
			remoteGlobalIDString = 01BC7C071BD10D9800FD2E8B;
			remoteInfo = iOSgitHub;
		};
/* End PBXContainerItemProxy section */

/* Begin PBXFileReference section */
		01BC7C081BD10D9800FD2E8B /* iOSgitHub.app */ = {isa = PBXFileReference; explicitFileType = wrapper.application; includeInIndex = 0; path = iOSgitHub.app; sourceTree = BUILT_PRODUCTS_DIR; };
		01BC7C0B1BD10D9800FD2E8B /* AppDelegate.swift */ = {isa = PBXFileReference; lastKnownFileType = sourcecode.swift; path = AppDelegate.swift; sourceTree = "<group>"; };
		01BC7C0D1BD10D9800FD2E8B /* ViewController.swift */ = {isa = PBXFileReference; lastKnownFileType = sourcecode.swift; path = ViewController.swift; sourceTree = "<group>"; };
		01BC7C101BD10D9800FD2E8B /* Base */ = {isa = PBXFileReference; lastKnownFileType = file.storyboard; name = Base; path = Base.lproj/Main.storyboard; sourceTree = "<group>"; };
		01BC7C131BD10D9800FD2E8B /* iOSgitHub.xcdatamodel */ = {isa = PBXFileReference; lastKnownFileType = wrapper.xcdatamodel; path = iOSgitHub.xcdatamodel; sourceTree = "<group>"; };
		01BC7C151BD10D9800FD2E8B /* Assets.xcassets */ = {isa = PBXFileReference; lastKnownFileType = folder.assetcatalog; path = Assets.xcassets; sourceTree = "<group>"; };
		01BC7C181BD10D9800FD2E8B /* Base */ = {isa = PBXFileReference; lastKnownFileType = file.storyboard; name = Base; path = Base.lproj/LaunchScreen.storyboard; sourceTree = "<group>"; };
		01BC7C1A1BD10D9800FD2E8B /* Info.plist */ = {isa = PBXFileReference; lastKnownFileType = text.plist.xml; path = Info.plist; sourceTree = "<group>"; };
		01BC7C1F1BD10D9800FD2E8B /* iOSgitHubTests.xctest */ = {isa = PBXFileReference; explicitFileType = wrapper.cfbundle; includeInIndex = 0; path = iOSgitHubTests.xctest; sourceTree = BUILT_PRODUCTS_DIR; };
		01BC7C231BD10D9800FD2E8B /* iOSgitHubTests.swift */ = {isa = PBXFileReference; lastKnownFileType = sourcecode.swift; path = iOSgitHubTests.swift; sourceTree = "<group>"; };
		01BC7C251BD10D9800FD2E8B /* Info.plist */ = {isa = PBXFileReference; lastKnownFileType = text.plist.xml; path = Info.plist; sourceTree = "<group>"; };
		01BC7C2A1BD10D9800FD2E8B /* iOSgitHubUITests.xctest */ = {isa = PBXFileReference; explicitFileType = wrapper.cfbundle; includeInIndex = 0; path = iOSgitHubUITests.xctest; sourceTree = BUILT_PRODUCTS_DIR; };
		01BC7C2E1BD10D9800FD2E8B /* iOSgitHubUITests.swift */ = {isa = PBXFileReference; lastKnownFileType = sourcecode.swift; path = iOSgitHubUITests.swift; sourceTree = "<group>"; };
		01BC7C301BD10D9800FD2E8B /* Info.plist */ = {isa = PBXFileReference; lastKnownFileType = text.plist.xml; path = Info.plist; sourceTree = "<group>"; };
/* End PBXFileReference section */

/* Begin PBXFrameworksBuildPhase section */
		01BC7C051BD10D9800FD2E8B /* Frameworks */ = {
			isa = PBXFrameworksBuildPhase;
			buildActionMask = 2147483647;
			files = (
			);
			runOnlyForDeploymentPostprocessing = 0;
		};
		01BC7C1C1BD10D9800FD2E8B /* Frameworks */ = {
			isa = PBXFrameworksBuildPhase;
			buildActionMask = 2147483647;
			files = (
			);
			runOnlyForDeploymentPostprocessing = 0;
		};
		01BC7C271BD10D9800FD2E8B /* Frameworks */ = {
			isa = PBXFrameworksBuildPhase;
			buildActionMask = 2147483647;
			files = (
			);
			runOnlyForDeploymentPostprocessing = 0;
		};
/* End PBXFrameworksBuildPhase section */

/* Begin PBXGroup section */
		01BC7BFF1BD10D9800FD2E8B = {
			isa = PBXGroup;
			children = (
				01BC7C0A1BD10D9800FD2E8B /* iOSgitHub */,
				01BC7C221BD10D9800FD2E8B /* iOSgitHubTests */,
				01BC7C2D1BD10D9800FD2E8B /* iOSgitHubUITests */,
				01BC7C091BD10D9800FD2E8B /* Products */,
			);
			sourceTree = "<group>";
		};
		01BC7C091BD10D9800FD2E8B /* Products */ = {
			isa = PBXGroup;
			children = (
				01BC7C081BD10D9800FD2E8B /* iOSgitHub.app */,
				01BC7C1F1BD10D9800FD2E8B /* iOSgitHubTests.xctest */,
				01BC7C2A1BD10D9800FD2E8B /* iOSgitHubUITests.xctest */,
			);
			name = Products;
			sourceTree = "<group>";
		};
		01BC7C0A1BD10D9800FD2E8B /* iOSgitHub */ = {
			isa = PBXGroup;
			children = (
				01BC7C0B1BD10D9800FD2E8B /* AppDelegate.swift */,
				01BC7C0D1BD10D9800FD2E8B /* ViewController.swift */,
				01BC7C0F1BD10D9800FD2E8B /* Main.storyboard */,
				01BC7C151BD10D9800FD2E8B /* Assets.xcassets */,
				01BC7C171BD10D9800FD2E8B /* LaunchScreen.storyboard */,
				01BC7C1A1BD10D9800FD2E8B /* Info.plist */,
				01BC7C121BD10D9800FD2E8B /* iOSgitHub.xcdatamodeld */,
			);
			path = iOSgitHub;
			sourceTree = "<group>";
		};
		01BC7C221BD10D9800FD2E8B /* iOSgitHubTests */ = {
			isa = PBXGroup;
			children = (
				01BC7C231BD10D9800FD2E8B /* iOSgitHubTests.swift */,
				01BC7C251BD10D9800FD2E8B /* Info.plist */,
			);
			path = iOSgitHubTests;
			sourceTree = "<group>";
		};
		01BC7C2D1BD10D9800FD2E8B /* iOSgitHubUITests */ = {
			isa = PBXGroup;
			children = (
				01BC7C2E1BD10D9800FD2E8B /* iOSgitHubUITests.swift */,
				01BC7C301BD10D9800FD2E8B /* Info.plist */,
			);
			path = iOSgitHubUITests;
			sourceTree = "<group>";
		};
/* End PBXGroup section */

/* Begin PBXNativeTarget section */
		01BC7C071BD10D9800FD2E8B /* iOSgitHub */ = {
			isa = PBXNativeTarget;
			buildConfigurationList = 01BC7C331BD10D9800FD2E8B /* Build configuration list for PBXNativeTarget "iOSgitHub" */;
			buildPhases = (
				01BC7C041BD10D9800FD2E8B /* Sources */,
				01BC7C051BD10D9800FD2E8B /* Frameworks */,
				01BC7C061BD10D9800FD2E8B /* Resources */,
			);
			buildRules = (
			);
			dependencies = (
			);
			name = iOSgitHub;
			productName = iOSgitHub;
			productReference = 01BC7C081BD10D9800FD2E8B /* iOSgitHub.app */;
			productType = "com.apple.product-type.application";
		};
		01BC7C1E1BD10D9800FD2E8B /* iOSgitHubTests */ = {
			isa = PBXNativeTarget;
			buildConfigurationList = 01BC7C361BD10D9800FD2E8B /* Build configuration list for PBXNativeTarget "iOSgitHubTests" */;
			buildPhases = (
				01BC7C1B1BD10D9800FD2E8B /* Sources */,
				01BC7C1C1BD10D9800FD2E8B /* Frameworks */,
				01BC7C1D1BD10D9800FD2E8B /* Resources */,
			);
			buildRules = (
			);
			dependencies = (
				01BC7C211BD10D9800FD2E8B /* PBXTargetDependency */,
			);
			name = iOSgitHubTests;
			productName = iOSgitHubTests;
			productReference = 01BC7C1F1BD10D9800FD2E8B /* iOSgitHubTests.xctest */;
			productType = "com.apple.product-type.bundle.unit-test";
		};
		01BC7C291BD10D9800FD2E8B /* iOSgitHubUITests */ = {
			isa = PBXNativeTarget;
			buildConfigurationList = 01BC7C391BD10D9800FD2E8B /* Build configuration list for PBXNativeTarget "iOSgitHubUITests" */;
			buildPhases = (
				01BC7C261BD10D9800FD2E8B /* Sources */,
				01BC7C271BD10D9800FD2E8B /* Frameworks */,
				01BC7C281BD10D9800FD2E8B /* Resources */,
			);
			buildRules = (
			);
			dependencies = (
				01BC7C2C1BD10D9800FD2E8B /* PBXTargetDependency */,
			);
			name = iOSgitHubUITests;
			productName = iOSgitHubUITests;
			productReference = 01BC7C2A1BD10D9800FD2E8B /* iOSgitHubUITests.xctest */;
			productType = "com.apple.product-type.bundle.ui-testing";
		};
/* End PBXNativeTarget section */

/* Begin PBXProject section */
		01BC7C001BD10D9800FD2E8B /* Project object */ = {
			isa = PBXProject;
			attributes = {
				LastUpgradeCheck = 0700;
				ORGANIZATIONNAME = "Nick Bootsma";
				TargetAttributes = {
					01BC7C071BD10D9800FD2E8B = {
						CreatedOnToolsVersion = 7.0.1;
						DevelopmentTeam = F3E56734F8;
					};
					01BC7C1E1BD10D9800FD2E8B = {
						CreatedOnToolsVersion = 7.0.1;
						DevelopmentTeam = F3E56734F8;
						TestTargetID = 01BC7C071BD10D9800FD2E8B;
					};
					01BC7C291BD10D9800FD2E8B = {
						CreatedOnToolsVersion = 7.0.1;
						DevelopmentTeam = F3E56734F8;
						TestTargetID = 01BC7C071BD10D9800FD2E8B;
					};
				};
			};
			buildConfigurationList = 01BC7C031BD10D9800FD2E8B /* Build configuration list for PBXProject "iOSgitHub" */;
			compatibilityVersion = "Xcode 3.2";
			developmentRegion = English;
			hasScannedForEncodings = 0;
			knownRegions = (
				en,
				Base,
			);
			mainGroup = 01BC7BFF1BD10D9800FD2E8B;
			productRefGroup = 01BC7C091BD10D9800FD2E8B /* Products */;
			projectDirPath = "";
			projectRoot = "";
			targets = (
				01BC7C071BD10D9800FD2E8B /* iOSgitHub */,
				01BC7C1E1BD10D9800FD2E8B /* iOSgitHubTests */,
				01BC7C291BD10D9800FD2E8B /* iOSgitHubUITests */,
			);
		};
/* End PBXProject section */

/* Begin PBXResourcesBuildPhase section */
		01BC7C061BD10D9800FD2E8B /* Resources */ = {
			isa = PBXResourcesBuildPhase;
			buildActionMask = 2147483647;
			files = (
				01BC7C191BD10D9800FD2E8B /* LaunchScreen.storyboard in Resources */,
				01BC7C161BD10D9800FD2E8B /* Assets.xcassets in Resources */,
				01BC7C111BD10D9800FD2E8B /* Main.storyboard in Resources */,
			);
			runOnlyForDeploymentPostprocessing = 0;
		};
		01BC7C1D1BD10D9800FD2E8B /* Resources */ = {
			isa = PBXResourcesBuildPhase;
			buildActionMask = 2147483647;
			files = (
			);
			runOnlyForDeploymentPostprocessing = 0;
		};
		01BC7C281BD10D9800FD2E8B /* Resources */ = {
			isa = PBXResourcesBuildPhase;
			buildActionMask = 2147483647;
			files = (
			);
			runOnlyForDeploymentPostprocessing = 0;
		};
/* End PBXResourcesBuildPhase section */

/* Begin PBXSourcesBuildPhase section */
		01BC7C041BD10D9800FD2E8B /* Sources */ = {
			isa = PBXSourcesBuildPhase;
			buildActionMask = 2147483647;
			files = (
				01BC7C0E1BD10D9800FD2E8B /* ViewController.swift in Sources */,
				01BC7C141BD10D9800FD2E8B /* iOSgitHub.xcdatamodeld in Sources */,
				01BC7C0C1BD10D9800FD2E8B /* AppDelegate.swift in Sources */,
			);
			runOnlyForDeploymentPostprocessing = 0;
		};
		01BC7C1B1BD10D9800FD2E8B /* Sources */ = {
			isa = PBXSourcesBuildPhase;
			buildActionMask = 2147483647;
			files = (
				01BC7C241BD10D9800FD2E8B /* iOSgitHubTests.swift in Sources */,
			);
			runOnlyForDeploymentPostprocessing = 0;
		};
		01BC7C261BD10D9800FD2E8B /* Sources */ = {
			isa = PBXSourcesBuildPhase;
			buildActionMask = 2147483647;
			files = (
				01BC7C2F1BD10D9800FD2E8B /* iOSgitHubUITests.swift in Sources */,
			);
			runOnlyForDeploymentPostprocessing = 0;
		};
/* End PBXSourcesBuildPhase section */

/* Begin PBXTargetDependency section */
		01BC7C211BD10D9800FD2E8B /* PBXTargetDependency */ = {
			isa = PBXTargetDependency;
			target = 01BC7C071BD10D9800FD2E8B /* iOSgitHub */;
			targetProxy = 01BC7C201BD10D9800FD2E8B /* PBXContainerItemProxy */;
		};
		01BC7C2C1BD10D9800FD2E8B /* PBXTargetDependency */ = {
			isa = PBXTargetDependency;
			target = 01BC7C071BD10D9800FD2E8B /* iOSgitHub */;
			targetProxy = 01BC7C2B1BD10D9800FD2E8B /* PBXContainerItemProxy */;
		};
/* End PBXTargetDependency section */

/* Begin PBXVariantGroup section */
		01BC7C0F1BD10D9800FD2E8B /* Main.storyboard */ = {
			isa = PBXVariantGroup;
			children = (
				01BC7C101BD10D9800FD2E8B /* Base */,
			);
			name = Main.storyboard;
			sourceTree = "<group>";
		};
		01BC7C171BD10D9800FD2E8B /* LaunchScreen.storyboard */ = {
			isa = PBXVariantGroup;
			children = (
				01BC7C181BD10D9800FD2E8B /* Base */,
			);
			name = LaunchScreen.storyboard;
			sourceTree = "<group>";
		};
/* End PBXVariantGroup section */

/* Begin XCBuildConfiguration section */
		01BC7C311BD10D9800FD2E8B /* Debug */ = {
			isa = XCBuildConfiguration;
			buildSettings = {
				ALWAYS_SEARCH_USER_PATHS = NO;
				CLANG_CXX_LANGUAGE_STANDARD = "gnu++0x";
				CLANG_CXX_LIBRARY = "libc++";
				CLANG_ENABLE_MODULES = YES;
				CLANG_ENABLE_OBJC_ARC = YES;
				CLANG_WARN_BOOL_CONVERSION = YES;
				CLANG_WARN_CONSTANT_CONVERSION = YES;
				CLANG_WARN_DIRECT_OBJC_ISA_USAGE = YES_ERROR;
				CLANG_WARN_EMPTY_BODY = YES;
				CLANG_WARN_ENUM_CONVERSION = YES;
				CLANG_WARN_INT_CONVERSION = YES;
				CLANG_WARN_OBJC_ROOT_CLASS = YES_ERROR;
				CLANG_WARN_UNREACHABLE_CODE = YES;
				CLANG_WARN__DUPLICATE_METHOD_MATCH = YES;
				"CODE_SIGN_IDENTITY[sdk=iphoneos*]" = "iPhone Developer";
				COPY_PHASE_STRIP = NO;
				DEBUG_INFORMATION_FORMAT = dwarf;
				ENABLE_STRICT_OBJC_MSGSEND = YES;
				ENABLE_TESTABILITY = YES;
				GCC_C_LANGUAGE_STANDARD = gnu99;
				GCC_DYNAMIC_NO_PIC = NO;
				GCC_NO_COMMON_BLOCKS = YES;
				GCC_OPTIMIZATION_LEVEL = 0;
				GCC_PREPROCESSOR_DEFINITIONS = (
					"DEBUG=1",
					"$(inherited)",
				);
				GCC_WARN_64_TO_32_BIT_CONVERSION = YES;
				GCC_WARN_ABOUT_RETURN_TYPE = YES_ERROR;
				GCC_WARN_UNDECLARED_SELECTOR = YES;
				GCC_WARN_UNINITIALIZED_AUTOS = YES_AGGRESSIVE;
				GCC_WARN_UNUSED_FUNCTION = YES;
				GCC_WARN_UNUSED_VARIABLE = YES;
				IPHONEOS_DEPLOYMENT_TARGET = 9.0;
				MTL_ENABLE_DEBUG_INFO = YES;
				ONLY_ACTIVE_ARCH = YES;
				SDKROOT = iphoneos;
				SWIFT_OPTIMIZATION_LEVEL = "-Onone";
			};
			name = Debug;
		};
		01BC7C321BD10D9800FD2E8B /* Release */ = {
			isa = XCBuildConfiguration;
			buildSettings = {
				ALWAYS_SEARCH_USER_PATHS = NO;
				CLANG_CXX_LANGUAGE_STANDARD = "gnu++0x";
				CLANG_CXX_LIBRARY = "libc++";
				CLANG_ENABLE_MODULES = YES;
				CLANG_ENABLE_OBJC_ARC = YES;
				CLANG_WARN_BOOL_CONVERSION = YES;
				CLANG_WARN_CONSTANT_CONVERSION = YES;
				CLANG_WARN_DIRECT_OBJC_ISA_USAGE = YES_ERROR;
				CLANG_WARN_EMPTY_BODY = YES;
				CLANG_WARN_ENUM_CONVERSION = YES;
				CLANG_WARN_INT_CONVERSION = YES;
				CLANG_WARN_OBJC_ROOT_CLASS = YES_ERROR;
				CLANG_WARN_UNREACHABLE_CODE = YES;
				CLANG_WARN__DUPLICATE_METHOD_MATCH = YES;
				"CODE_SIGN_IDENTITY[sdk=iphoneos*]" = "iPhone Developer";
				COPY_PHASE_STRIP = NO;
				DEBUG_INFORMATION_FORMAT = "dwarf-with-dsym";
				ENABLE_NS_ASSERTIONS = NO;
				ENABLE_STRICT_OBJC_MSGSEND = YES;
				GCC_C_LANGUAGE_STANDARD = gnu99;
				GCC_NO_COMMON_BLOCKS = YES;
				GCC_WARN_64_TO_32_BIT_CONVERSION = YES;
				GCC_WARN_ABOUT_RETURN_TYPE = YES_ERROR;
				GCC_WARN_UNDECLARED_SELECTOR = YES;
				GCC_WARN_UNINITIALIZED_AUTOS = YES_AGGRESSIVE;
				GCC_WARN_UNUSED_FUNCTION = YES;
				GCC_WARN_UNUSED_VARIABLE = YES;
				IPHONEOS_DEPLOYMENT_TARGET = 9.0;
				MTL_ENABLE_DEBUG_INFO = NO;
				SDKROOT = iphoneos;
				VALIDATE_PRODUCT = YES;
			};
			name = Release;
		};
		01BC7C341BD10D9800FD2E8B /* Debug */ = {
			isa = XCBuildConfiguration;
			buildSettings = {
				ASSETCATALOG_COMPILER_APPICON_NAME = AppIcon;
				INFOPLIST_FILE = iOSgitHub/Info.plist;
				LD_RUNPATH_SEARCH_PATHS = "$(inherited) @executable_path/Frameworks";
				PRODUCT_BUNDLE_IDENTIFIER = "Smart-Fellows.iOSgitHub";
				PRODUCT_NAME = "$(TARGET_NAME)";
			};
			name = Debug;
		};
		01BC7C351BD10D9800FD2E8B /* Release */ = {
			isa = XCBuildConfiguration;
			buildSettings = {
				ASSETCATALOG_COMPILER_APPICON_NAME = AppIcon;
				INFOPLIST_FILE = iOSgitHub/Info.plist;
				LD_RUNPATH_SEARCH_PATHS = "$(inherited) @executable_path/Frameworks";
				PRODUCT_BUNDLE_IDENTIFIER = "Smart-Fellows.iOSgitHub";
				PRODUCT_NAME = "$(TARGET_NAME)";
			};
			name = Release;
		};
		01BC7C371BD10D9800FD2E8B /* Debug */ = {
			isa = XCBuildConfiguration;
			buildSettings = {
				BUNDLE_LOADER = "$(TEST_HOST)";
				INFOPLIST_FILE = iOSgitHubTests/Info.plist;
				LD_RUNPATH_SEARCH_PATHS = "$(inherited) @executable_path/Frameworks @loader_path/Frameworks";
				PRODUCT_BUNDLE_IDENTIFIER = "Smart-Fellows.iOSgitHubTests";
				PRODUCT_NAME = "$(TARGET_NAME)";
				TEST_HOST = "$(BUILT_PRODUCTS_DIR)/iOSgitHub.app/iOSgitHub";
			};
			name = Debug;
		};
		01BC7C381BD10D9800FD2E8B /* Release */ = {
			isa = XCBuildConfiguration;
			buildSettings = {
				BUNDLE_LOADER = "$(TEST_HOST)";
				INFOPLIST_FILE = iOSgitHubTests/Info.plist;
				LD_RUNPATH_SEARCH_PATHS = "$(inherited) @executable_path/Frameworks @loader_path/Frameworks";
				PRODUCT_BUNDLE_IDENTIFIER = "Smart-Fellows.iOSgitHubTests";
				PRODUCT_NAME = "$(TARGET_NAME)";
				TEST_HOST = "$(BUILT_PRODUCTS_DIR)/iOSgitHub.app/iOSgitHub";
			};
			name = Release;
		};
		01BC7C3A1BD10D9800FD2E8B /* Debug */ = {
			isa = XCBuildConfiguration;
			buildSettings = {
				INFOPLIST_FILE = iOSgitHubUITests/Info.plist;
				LD_RUNPATH_SEARCH_PATHS = "$(inherited) @executable_path/Frameworks @loader_path/Frameworks";
				PRODUCT_BUNDLE_IDENTIFIER = "Smart-Fellows.iOSgitHubUITests";
				PRODUCT_NAME = "$(TARGET_NAME)";
				TEST_TARGET_NAME = iOSgitHub;
				USES_XCTRUNNER = YES;
			};
			name = Debug;
		};
		01BC7C3B1BD10D9800FD2E8B /* Release */ = {
			isa = XCBuildConfiguration;
			buildSettings = {
				INFOPLIST_FILE = iOSgitHubUITests/Info.plist;
				LD_RUNPATH_SEARCH_PATHS = "$(inherited) @executable_path/Frameworks @loader_path/Frameworks";
				PRODUCT_BUNDLE_IDENTIFIER = "Smart-Fellows.iOSgitHubUITests";
				PRODUCT_NAME = "$(TARGET_NAME)";
				TEST_TARGET_NAME = iOSgitHub;
				USES_XCTRUNNER = YES;
			};
			name = Release;
		};
/* End XCBuildConfiguration section */

/* Begin XCConfigurationList section */
		01BC7C031BD10D9800FD2E8B /* Build configuration list for PBXProject "iOSgitHub" */ = {
			isa = XCConfigurationList;
			buildConfigurations = (
				01BC7C311BD10D9800FD2E8B /* Debug */,
				01BC7C321BD10D9800FD2E8B /* Release */,
			);
			defaultConfigurationIsVisible = 0;
			defaultConfigurationName = Release;
		};
		01BC7C331BD10D9800FD2E8B /* Build configuration list for PBXNativeTarget "iOSgitHub" */ = {
			isa = XCConfigurationList;
			buildConfigurations = (
				01BC7C341BD10D9800FD2E8B /* Debug */,
				01BC7C351BD10D9800FD2E8B /* Release */,
			);
			defaultConfigurationIsVisible = 0;
		};
		01BC7C361BD10D9800FD2E8B /* Build configuration list for PBXNativeTarget "iOSgitHubTests" */ = {
			isa = XCConfigurationList;
			buildConfigurations = (
				01BC7C371BD10D9800FD2E8B /* Debug */,
				01BC7C381BD10D9800FD2E8B /* Release */,
			);
			defaultConfigurationIsVisible = 0;
		};
		01BC7C391BD10D9800FD2E8B /* Build configuration list for PBXNativeTarget "iOSgitHubUITests" */ = {
			isa = XCConfigurationList;
			buildConfigurations = (
				01BC7C3A1BD10D9800FD2E8B /* Debug */,
				01BC7C3B1BD10D9800FD2E8B /* Release */,
			);
			defaultConfigurationIsVisible = 0;
		};
/* End XCConfigurationList section */

/* Begin XCVersionGroup section */
		01BC7C121BD10D9800FD2E8B /* iOSgitHub.xcdatamodeld */ = {
			isa = XCVersionGroup;
			children = (
				01BC7C131BD10D9800FD2E8B /* iOSgitHub.xcdatamodel */,
			);
			currentVersion = 01BC7C131BD10D9800FD2E8B /* iOSgitHub.xcdatamodel */;
			path = iOSgitHub.xcdatamodeld;
			sourceTree = "<group>";
			versionGroupType = wrapper.xcdatamodel;
		};
/* End XCVersionGroup section */
	};
	rootObject = 01BC7C001BD10D9800FD2E8B /* Project object */;
}
